// !$*UTF8*$!
{
	archiveVersion = 1;
	classes = {
	};
	objectVersion = 46;
	objects = {

/* Begin PBXBuildFile section */
		D0F46EF519099DB300A5EEDA /* Foundation.framework in Frameworks */ = {isa = PBXBuildFile; fileRef = D0F46EF419099DB300A5EEDA /* Foundation.framework */; };
		D0F46EF719099DB300A5EEDA /* CoreGraphics.framework in Frameworks */ = {isa = PBXBuildFile; fileRef = D0F46EF619099DB300A5EEDA /* CoreGraphics.framework */; };
		D0F46EF919099DB300A5EEDA /* UIKit.framework in Frameworks */ = {isa = PBXBuildFile; fileRef = D0F46EF819099DB300A5EEDA /* UIKit.framework */; };
		D0F46EFF19099DB300A5EEDA /* InfoPlist.strings in Resources */ = {isa = PBXBuildFile; fileRef = D0F46EFD19099DB300A5EEDA /* InfoPlist.strings */; };
		D0F46F0119099DB300A5EEDA /* main.m in Sources */ = {isa = PBXBuildFile; fileRef = D0F46F0019099DB300A5EEDA /* main.m */; };
		D0F46F0519099DB300A5EEDA /* EPSAppDelegate.m in Sources */ = {isa = PBXBuildFile; fileRef = D0F46F0419099DB300A5EEDA /* EPSAppDelegate.m */; };
		D0F46F0819099DB300A5EEDA /* Main.storyboard in Resources */ = {isa = PBXBuildFile; fileRef = D0F46F0619099DB300A5EEDA /* Main.storyboard */; };
		D0F46F0B19099DB300A5EEDA /* EPSViewController.m in Sources */ = {isa = PBXBuildFile; fileRef = D0F46F0A19099DB300A5EEDA /* EPSViewController.m */; };
		D0F46F0D19099DB300A5EEDA /* Images.xcassets in Resources */ = {isa = PBXBuildFile; fileRef = D0F46F0C19099DB300A5EEDA /* Images.xcassets */; };
		D0F46F1419099DB300A5EEDA /* XCTest.framework in Frameworks */ = {isa = PBXBuildFile; fileRef = D0F46F1319099DB300A5EEDA /* XCTest.framework */; };
		D0F46F1519099DB300A5EEDA /* Foundation.framework in Frameworks */ = {isa = PBXBuildFile; fileRef = D0F46EF419099DB300A5EEDA /* Foundation.framework */; };
		D0F46F1619099DB300A5EEDA /* UIKit.framework in Frameworks */ = {isa = PBXBuildFile; fileRef = D0F46EF819099DB300A5EEDA /* UIKit.framework */; };
		D0F46F1E19099DB300A5EEDA /* InfoPlist.strings in Resources */ = {isa = PBXBuildFile; fileRef = D0F46F1C19099DB300A5EEDA /* InfoPlist.strings */; };
		D0F46F2019099DB300A5EEDA /* ReactiveAudioPlayerTests.m in Sources */ = {isa = PBXBuildFile; fileRef = D0F46F1F19099DB300A5EEDA /* ReactiveAudioPlayerTests.m */; };
/* End PBXBuildFile section */

/* Begin PBXContainerItemProxy section */
		D0F46F1719099DB300A5EEDA /* PBXContainerItemProxy */ = {
			isa = PBXContainerItemProxy;
			containerPortal = D0F46EE919099DB300A5EEDA /* Project object */;
			proxyType = 1;
			remoteGlobalIDString = D0F46EF019099DB300A5EEDA;
			remoteInfo = ReactiveAudioPlayer;
		};
/* End PBXContainerItemProxy section */

/* Begin PBXFileReference section */
		D0F46EF119099DB300A5EEDA /* ReactiveAudioPlayer.app */ = {isa = PBXFileReference; explicitFileType = wrapper.application; includeInIndex = 0; path = ReactiveAudioPlayer.app; sourceTree = BUILT_PRODUCTS_DIR; };
		D0F46EF419099DB300A5EEDA /* Foundation.framework */ = {isa = PBXFileReference; lastKnownFileType = wrapper.framework; name = Foundation.framework; path = System/Library/Frameworks/Foundation.framework; sourceTree = SDKROOT; };
		D0F46EF619099DB300A5EEDA /* CoreGraphics.framework */ = {isa = PBXFileReference; lastKnownFileType = wrapper.framework; name = CoreGraphics.framework; path = System/Library/Frameworks/CoreGraphics.framework; sourceTree = SDKROOT; };
		D0F46EF819099DB300A5EEDA /* UIKit.framework */ = {isa = PBXFileReference; lastKnownFileType = wrapper.framework; name = UIKit.framework; path = System/Library/Frameworks/UIKit.framework; sourceTree = SDKROOT; };
		D0F46EFC19099DB300A5EEDA /* ReactiveAudioPlayer-Info.plist */ = {isa = PBXFileReference; lastKnownFileType = text.plist.xml; path = "ReactiveAudioPlayer-Info.plist"; sourceTree = "<group>"; };
		D0F46EFE19099DB300A5EEDA /* en */ = {isa = PBXFileReference; lastKnownFileType = text.plist.strings; name = en; path = en.lproj/InfoPlist.strings; sourceTree = "<group>"; };
		D0F46F0019099DB300A5EEDA /* main.m */ = {isa = PBXFileReference; lastKnownFileType = sourcecode.c.objc; path = main.m; sourceTree = "<group>"; };
		D0F46F0219099DB300A5EEDA /* ReactiveAudioPlayer-Prefix.pch */ = {isa = PBXFileReference; lastKnownFileType = sourcecode.c.h; path = "ReactiveAudioPlayer-Prefix.pch"; sourceTree = "<group>"; };
		D0F46F0319099DB300A5EEDA /* EPSAppDelegate.h */ = {isa = PBXFileReference; lastKnownFileType = sourcecode.c.h; path = EPSAppDelegate.h; sourceTree = "<group>"; };
		D0F46F0419099DB300A5EEDA /* EPSAppDelegate.m */ = {isa = PBXFileReference; lastKnownFileType = sourcecode.c.objc; path = EPSAppDelegate.m; sourceTree = "<group>"; };
		D0F46F0719099DB300A5EEDA /* Base */ = {isa = PBXFileReference; lastKnownFileType = file.storyboard; name = Base; path = Base.lproj/Main.storyboard; sourceTree = "<group>"; };
		D0F46F0919099DB300A5EEDA /* EPSViewController.h */ = {isa = PBXFileReference; lastKnownFileType = sourcecode.c.h; path = EPSViewController.h; sourceTree = "<group>"; };
		D0F46F0A19099DB300A5EEDA /* EPSViewController.m */ = {isa = PBXFileReference; lastKnownFileType = sourcecode.c.objc; path = EPSViewController.m; sourceTree = "<group>"; };
		D0F46F0C19099DB300A5EEDA /* Images.xcassets */ = {isa = PBXFileReference; lastKnownFileType = folder.assetcatalog; path = Images.xcassets; sourceTree = "<group>"; };
		D0F46F1219099DB300A5EEDA /* ReactiveAudioPlayerTests.xctest */ = {isa = PBXFileReference; explicitFileType = wrapper.cfbundle; includeInIndex = 0; path = ReactiveAudioPlayerTests.xctest; sourceTree = BUILT_PRODUCTS_DIR; };
		D0F46F1319099DB300A5EEDA /* XCTest.framework */ = {isa = PBXFileReference; lastKnownFileType = wrapper.framework; name = XCTest.framework; path = Library/Frameworks/XCTest.framework; sourceTree = DEVELOPER_DIR; };
		D0F46F1B19099DB300A5EEDA /* ReactiveAudioPlayerTests-Info.plist */ = {isa = PBXFileReference; lastKnownFileType = text.plist.xml; path = "ReactiveAudioPlayerTests-Info.plist"; sourceTree = "<group>"; };
		D0F46F1D19099DB300A5EEDA /* en */ = {isa = PBXFileReference; lastKnownFileType = text.plist.strings; name = en; path = en.lproj/InfoPlist.strings; sourceTree = "<group>"; };
		D0F46F1F19099DB300A5EEDA /* ReactiveAudioPlayerTests.m */ = {isa = PBXFileReference; lastKnownFileType = sourcecode.c.objc; path = ReactiveAudioPlayerTests.m; sourceTree = "<group>"; };
/* End PBXFileReference section */

/* Begin PBXFrameworksBuildPhase section */
		D0F46EEE19099DB300A5EEDA /* Frameworks */ = {
			isa = PBXFrameworksBuildPhase;
			buildActionMask = 2147483647;
			files = (
				D0F46EF719099DB300A5EEDA /* CoreGraphics.framework in Frameworks */,
				D0F46EF919099DB300A5EEDA /* UIKit.framework in Frameworks */,
				D0F46EF519099DB300A5EEDA /* Foundation.framework in Frameworks */,
			);
			runOnlyForDeploymentPostprocessing = 0;
		};
		D0F46F0F19099DB300A5EEDA /* Frameworks */ = {
			isa = PBXFrameworksBuildPhase;
			buildActionMask = 2147483647;
			files = (
				D0F46F1419099DB300A5EEDA /* XCTest.framework in Frameworks */,
				D0F46F1619099DB300A5EEDA /* UIKit.framework in Frameworks */,
				D0F46F1519099DB300A5EEDA /* Foundation.framework in Frameworks */,
			);
			runOnlyForDeploymentPostprocessing = 0;
		};
/* End PBXFrameworksBuildPhase section */

/* Begin PBXGroup section */
		D0F46EE819099DB300A5EEDA = {
			isa = PBXGroup;
			children = (
				D0F46EFA19099DB300A5EEDA /* ReactiveAudioPlayer */,
				D0F46F1919099DB300A5EEDA /* ReactiveAudioPlayerTests */,
				D0F46EF319099DB300A5EEDA /* Frameworks */,
				D0F46EF219099DB300A5EEDA /* Products */,
			);
			sourceTree = "<group>";
		};
		D0F46EF219099DB300A5EEDA /* Products */ = {
			isa = PBXGroup;
			children = (
				D0F46EF119099DB300A5EEDA /* ReactiveAudioPlayer.app */,
				D0F46F1219099DB300A5EEDA /* ReactiveAudioPlayerTests.xctest */,
			);
			name = Products;
			sourceTree = "<group>";
		};
		D0F46EF319099DB300A5EEDA /* Frameworks */ = {
			isa = PBXGroup;
			children = (
				D0F46EF419099DB300A5EEDA /* Foundation.framework */,
				D0F46EF619099DB300A5EEDA /* CoreGraphics.framework */,
				D0F46EF819099DB300A5EEDA /* UIKit.framework */,
				D0F46F1319099DB300A5EEDA /* XCTest.framework */,
			);
			name = Frameworks;
			sourceTree = "<group>";
		};
		D0F46EFA19099DB300A5EEDA /* ReactiveAudioPlayer */ = {
			isa = PBXGroup;
			children = (
				D0F46F0319099DB300A5EEDA /* EPSAppDelegate.h */,
				D0F46F0419099DB300A5EEDA /* EPSAppDelegate.m */,
				D0F46F0619099DB300A5EEDA /* Main.storyboard */,
				D0F46F0919099DB300A5EEDA /* EPSViewController.h */,
				D0F46F0A19099DB300A5EEDA /* EPSViewController.m */,
				D0F46F0C19099DB300A5EEDA /* Images.xcassets */,
				D0F46EFB19099DB300A5EEDA /* Supporting Files */,
			);
			path = ReactiveAudioPlayer;
			sourceTree = "<group>";
		};
		D0F46EFB19099DB300A5EEDA /* Supporting Files */ = {
			isa = PBXGroup;
			children = (
				D0F46EFC19099DB300A5EEDA /* ReactiveAudioPlayer-Info.plist */,
				D0F46EFD19099DB300A5EEDA /* InfoPlist.strings */,
				D0F46F0019099DB300A5EEDA /* main.m */,
				D0F46F0219099DB300A5EEDA /* ReactiveAudioPlayer-Prefix.pch */,
			);
			name = "Supporting Files";
			sourceTree = "<group>";
		};
		D0F46F1919099DB300A5EEDA /* ReactiveAudioPlayerTests */ = {
			isa = PBXGroup;
			children = (
				D0F46F1F19099DB300A5EEDA /* ReactiveAudioPlayerTests.m */,
				D0F46F1A19099DB300A5EEDA /* Supporting Files */,
			);
			path = ReactiveAudioPlayerTests;
			sourceTree = "<group>";
		};
		D0F46F1A19099DB300A5EEDA /* Supporting Files */ = {
			isa = PBXGroup;
			children = (
				D0F46F1B19099DB300A5EEDA /* ReactiveAudioPlayerTests-Info.plist */,
				D0F46F1C19099DB300A5EEDA /* InfoPlist.strings */,
			);
			name = "Supporting Files";
			sourceTree = "<group>";
		};
/* End PBXGroup section */

/* Begin PBXNativeTarget section */
		D0F46EF019099DB300A5EEDA /* ReactiveAudioPlayer */ = {
			isa = PBXNativeTarget;
			buildConfigurationList = D0F46F2319099DB300A5EEDA /* Build configuration list for PBXNativeTarget "ReactiveAudioPlayer" */;
			buildPhases = (
				D0F46EED19099DB300A5EEDA /* Sources */,
				D0F46EEE19099DB300A5EEDA /* Frameworks */,
				D0F46EEF19099DB300A5EEDA /* Resources */,
			);
			buildRules = (
			);
			dependencies = (
			);
			name = ReactiveAudioPlayer;
			productName = ReactiveAudioPlayer;
			productReference = D0F46EF119099DB300A5EEDA /* ReactiveAudioPlayer.app */;
			productType = "com.apple.product-type.application";
		};
		D0F46F1119099DB300A5EEDA /* ReactiveAudioPlayerTests */ = {
			isa = PBXNativeTarget;
			buildConfigurationList = D0F46F2619099DB300A5EEDA /* Build configuration list for PBXNativeTarget "ReactiveAudioPlayerTests" */;
			buildPhases = (
				D0F46F0E19099DB300A5EEDA /* Sources */,
				D0F46F0F19099DB300A5EEDA /* Frameworks */,
				D0F46F1019099DB300A5EEDA /* Resources */,
			);
			buildRules = (
			);
			dependencies = (
				D0F46F1819099DB300A5EEDA /* PBXTargetDependency */,
			);
			name = ReactiveAudioPlayerTests;
			productName = ReactiveAudioPlayerTests;
			productReference = D0F46F1219099DB300A5EEDA /* ReactiveAudioPlayerTests.xctest */;
			productType = "com.apple.product-type.bundle.unit-test";
		};
/* End PBXNativeTarget section */

/* Begin PBXProject section */
		D0F46EE919099DB300A5EEDA /* Project object */ = {
			isa = PBXProject;
			attributes = {
				CLASSPREFIX = EPS;
				LastUpgradeCheck = 0510;
				ORGANIZATIONNAME = "Electric Peel, LLC";
				TargetAttributes = {
					D0F46F1119099DB300A5EEDA = {
						TestTargetID = D0F46EF019099DB300A5EEDA;
					};
				};
			};
			buildConfigurationList = D0F46EEC19099DB300A5EEDA /* Build configuration list for PBXProject "ReactiveAudioPlayer" */;
			compatibilityVersion = "Xcode 3.2";
			developmentRegion = English;
			hasScannedForEncodings = 0;
			knownRegions = (
				en,
				Base,
			);
			mainGroup = D0F46EE819099DB300A5EEDA;
			productRefGroup = D0F46EF219099DB300A5EEDA /* Products */;
			projectDirPath = "";
			projectRoot = "";
			targets = (
				D0F46EF019099DB300A5EEDA /* ReactiveAudioPlayer */,
				D0F46F1119099DB300A5EEDA /* ReactiveAudioPlayerTests */,
			);
		};
/* End PBXProject section */

/* Begin PBXResourcesBuildPhase section */
		D0F46EEF19099DB300A5EEDA /* Resources */ = {
			isa = PBXResourcesBuildPhase;
			buildActionMask = 2147483647;
			files = (
				D0F46F0D19099DB300A5EEDA /* Images.xcassets in Resources */,
				D0F46EFF19099DB300A5EEDA /* InfoPlist.strings in Resources */,
				D0F46F0819099DB300A5EEDA /* Main.storyboard in Resources */,
			);
			runOnlyForDeploymentPostprocessing = 0;
		};
		D0F46F1019099DB300A5EEDA /* Resources */ = {
			isa = PBXResourcesBuildPhase;
			buildActionMask = 2147483647;
			files = (
				D0F46F1E19099DB300A5EEDA /* InfoPlist.strings in Resources */,
			);
			runOnlyForDeploymentPostprocessing = 0;
		};
/* End PBXResourcesBuildPhase section */

/* Begin PBXSourcesBuildPhase section */
		D0F46EED19099DB300A5EEDA /* Sources */ = {
			isa = PBXSourcesBuildPhase;
			buildActionMask = 2147483647;
			files = (
				D0F46F0B19099DB300A5EEDA /* EPSViewController.m in Sources */,
				D0F46F0119099DB300A5EEDA /* main.m in Sources */,
				D0F46F0519099DB300A5EEDA /* EPSAppDelegate.m in Sources */,
			);
			runOnlyForDeploymentPostprocessing = 0;
		};
		D0F46F0E19099DB300A5EEDA /* Sources */ = {
			isa = PBXSourcesBuildPhase;
			buildActionMask = 2147483647;
			files = (
				D0F46F2019099DB300A5EEDA /* ReactiveAudioPlayerTests.m in Sources */,
			);
			runOnlyForDeploymentPostprocessing = 0;
		};
/* End PBXSourcesBuildPhase section */

/* Begin PBXTargetDependency section */
		D0F46F1819099DB300A5EEDA /* PBXTargetDependency */ = {
			isa = PBXTargetDependency;
			target = D0F46EF019099DB300A5EEDA /* ReactiveAudioPlayer */;
			targetProxy = D0F46F1719099DB300A5EEDA /* PBXContainerItemProxy */;
		};
/* End PBXTargetDependency section */

/* Begin PBXVariantGroup section */
		D0F46EFD19099DB300A5EEDA /* InfoPlist.strings */ = {
			isa = PBXVariantGroup;
			children = (
				D0F46EFE19099DB300A5EEDA /* en */,
			);
			name = InfoPlist.strings;
			sourceTree = "<group>";
		};
		D0F46F0619099DB300A5EEDA /* Main.storyboard */ = {
			isa = PBXVariantGroup;
			children = (
				D0F46F0719099DB300A5EEDA /* Base */,
			);
			name = Main.storyboard;
			sourceTree = "<group>";
		};
		D0F46F1C19099DB300A5EEDA /* InfoPlist.strings */ = {
			isa = PBXVariantGroup;
			children = (
				D0F46F1D19099DB300A5EEDA /* en */,
			);
			name = InfoPlist.strings;
			sourceTree = "<group>";
		};
/* End PBXVariantGroup section */

/* Begin XCBuildConfiguration section */
		D0F46F2119099DB300A5EEDA /* Debug */ = {
			isa = XCBuildConfiguration;
			buildSettings = {
				ALWAYS_SEARCH_USER_PATHS = NO;
				CLANG_CXX_LANGUAGE_STANDARD = "gnu++0x";
				CLANG_CXX_LIBRARY = "libc++";
				CLANG_ENABLE_MODULES = YES;
				CLANG_ENABLE_OBJC_ARC = YES;
				CLANG_WARN_BOOL_CONVERSION = YES;
				CLANG_WARN_CONSTANT_CONVERSION = YES;
				CLANG_WARN_DIRECT_OBJC_ISA_USAGE = YES_ERROR;
				CLANG_WARN_EMPTY_BODY = YES;
				CLANG_WARN_ENUM_CONVERSION = YES;
				CLANG_WARN_INT_CONVERSION = YES;
				CLANG_WARN_OBJC_ROOT_CLASS = YES_ERROR;
				CLANG_WARN__DUPLICATE_METHOD_MATCH = YES;
				"CODE_SIGN_IDENTITY[sdk=iphoneos*]" = "iPhone Developer";
				COPY_PHASE_STRIP = NO;
				GCC_C_LANGUAGE_STANDARD = gnu99;
				GCC_DYNAMIC_NO_PIC = NO;
				GCC_OPTIMIZATION_LEVEL = 0;
				GCC_PREPROCESSOR_DEFINITIONS = (
					"DEBUG=1",
					"$(inherited)",
				);
				GCC_SYMBOLS_PRIVATE_EXTERN = NO;
				GCC_WARN_64_TO_32_BIT_CONVERSION = YES;
				GCC_WARN_ABOUT_RETURN_TYPE = YES_ERROR;
				GCC_WARN_UNDECLARED_SELECTOR = YES;
				GCC_WARN_UNINITIALIZED_AUTOS = YES_AGGRESSIVE;
				GCC_WARN_UNUSED_FUNCTION = YES;
				GCC_WARN_UNUSED_VARIABLE = YES;
				IPHONEOS_DEPLOYMENT_TARGET = 7.1;
				ONLY_ACTIVE_ARCH = YES;
				SDKROOT = iphoneos;
			};
			name = Debug;
		};
		D0F46F2219099DB300A5EEDA /* Release */ = {
			isa = XCBuildConfiguration;
			buildSettings = {
				ALWAYS_SEARCH_USER_PATHS = NO;
				CLANG_CXX_LANGUAGE_STANDARD = "gnu++0x";
				CLANG_CXX_LIBRARY = "libc++";
				CLANG_ENABLE_MODULES = YES;
				CLANG_ENABLE_OBJC_ARC = YES;
				CLANG_WARN_BOOL_CONVERSION = YES;
				CLANG_WARN_CONSTANT_CONVERSION = YES;
				CLANG_WARN_DIRECT_OBJC_ISA_USAGE = YES_ERROR;
				CLANG_WARN_EMPTY_BODY = YES;
				CLANG_WARN_ENUM_CONVERSION = YES;
				CLANG_WARN_INT_CONVERSION = YES;
				CLANG_WARN_OBJC_ROOT_CLASS = YES_ERROR;
				CLANG_WARN__DUPLICATE_METHOD_MATCH = YES;
				"CODE_SIGN_IDENTITY[sdk=iphoneos*]" = "iPhone Developer";
				COPY_PHASE_STRIP = YES;
				ENABLE_NS_ASSERTIONS = NO;
				GCC_C_LANGUAGE_STANDARD = gnu99;
				GCC_WARN_64_TO_32_BIT_CONVERSION = YES;
				GCC_WARN_ABOUT_RETURN_TYPE = YES_ERROR;
				GCC_WARN_UNDECLARED_SELECTOR = YES;
				GCC_WARN_UNINITIALIZED_AUTOS = YES_AGGRESSIVE;
				GCC_WARN_UNUSED_FUNCTION = YES;
				GCC_WARN_UNUSED_VARIABLE = YES;
				IPHONEOS_DEPLOYMENT_TARGET = 7.1;
				SDKROOT = iphoneos;
				VALIDATE_PRODUCT = YES;
			};
			name = Release;
		};
		D0F46F2419099DB300A5EEDA /* Debug */ = {
			isa = XCBuildConfiguration;
			buildSettings = {
				ASSETCATALOG_COMPILER_APPICON_NAME = AppIcon;
				ASSETCATALOG_COMPILER_LAUNCHIMAGE_NAME = LaunchImage;
				GCC_PRECOMPILE_PREFIX_HEADER = YES;
				GCC_PREFIX_HEADER = "ReactiveAudioPlayer/ReactiveAudioPlayer-Prefix.pch";
				INFOPLIST_FILE = "ReactiveAudioPlayer/ReactiveAudioPlayer-Info.plist";
				PRODUCT_NAME = "$(TARGET_NAME)";
				WRAPPER_EXTENSION = app;
			};
			name = Debug;
		};
		D0F46F2519099DB300A5EEDA /* Release */ = {
			isa = XCBuildConfiguration;
			buildSettings = {
				ASSETCATALOG_COMPILER_APPICON_NAME = AppIcon;
				ASSETCATALOG_COMPILER_LAUNCHIMAGE_NAME = LaunchImage;
				GCC_PRECOMPILE_PREFIX_HEADER = YES;
				GCC_PREFIX_HEADER = "ReactiveAudioPlayer/ReactiveAudioPlayer-Prefix.pch";
				INFOPLIST_FILE = "ReactiveAudioPlayer/ReactiveAudioPlayer-Info.plist";
				PRODUCT_NAME = "$(TARGET_NAME)";
				WRAPPER_EXTENSION = app;
			};
			name = Release;
		};
		D0F46F2719099DB300A5EEDA /* Debug */ = {
			isa = XCBuildConfiguration;
			buildSettings = {
				BUNDLE_LOADER = "$(BUILT_PRODUCTS_DIR)/ReactiveAudioPlayer.app/ReactiveAudioPlayer";
				FRAMEWORK_SEARCH_PATHS = (
					"$(SDKROOT)/Developer/Library/Frameworks",
					"$(inherited)",
					"$(DEVELOPER_FRAMEWORKS_DIR)",
				);
				GCC_PRECOMPILE_PREFIX_HEADER = YES;
				GCC_PREFIX_HEADER = "ReactiveAudioPlayer/ReactiveAudioPlayer-Prefix.pch";
				GCC_PREPROCESSOR_DEFINITIONS = (
					"DEBUG=1",
					"$(inherited)",
				);
				INFOPLIST_FILE = "ReactiveAudioPlayerTests/ReactiveAudioPlayerTests-Info.plist";
				PRODUCT_NAME = "$(TARGET_NAME)";
				TEST_HOST = "$(BUNDLE_LOADER)";
				WRAPPER_EXTENSION = xctest;
			};
			name = Debug;
		};
		D0F46F2819099DB300A5EEDA /* Release */ = {
			isa = XCBuildConfiguration;
			buildSettings = {
				BUNDLE_LOADER = "$(BUILT_PRODUCTS_DIR)/ReactiveAudioPlayer.app/ReactiveAudioPlayer";
				FRAMEWORK_SEARCH_PATHS = (
					"$(SDKROOT)/Developer/Library/Frameworks",
					"$(inherited)",
					"$(DEVELOPER_FRAMEWORKS_DIR)",
				);
				GCC_PRECOMPILE_PREFIX_HEADER = YES;
				GCC_PREFIX_HEADER = "ReactiveAudioPlayer/ReactiveAudioPlayer-Prefix.pch";
				INFOPLIST_FILE = "ReactiveAudioPlayerTests/ReactiveAudioPlayerTests-Info.plist";
				PRODUCT_NAME = "$(TARGET_NAME)";
				TEST_HOST = "$(BUNDLE_LOADER)";
				WRAPPER_EXTENSION = xctest;
			};
			name = Release;
		};
/* End XCBuildConfiguration section */

/* Begin XCConfigurationList section */
		D0F46EEC19099DB300A5EEDA /* Build configuration list for PBXProject "ReactiveAudioPlayer" */ = {
			isa = XCConfigurationList;
			buildConfigurations = (
				D0F46F2119099DB300A5EEDA /* Debug */,
				D0F46F2219099DB300A5EEDA /* Release */,
			);
			defaultConfigurationIsVisible = 0;
			defaultConfigurationName = Release;
		};
		D0F46F2319099DB300A5EEDA /* Build configuration list for PBXNativeTarget "ReactiveAudioPlayer" */ = {
			isa = XCConfigurationList;
			buildConfigurations = (
				D0F46F2419099DB300A5EEDA /* Debug */,
				D0F46F2519099DB300A5EEDA /* Release */,
			);
			defaultConfigurationIsVisible = 0;
		};
		D0F46F2619099DB300A5EEDA /* Build configuration list for PBXNativeTarget "ReactiveAudioPlayerTests" */ = {
			isa = XCConfigurationList;
			buildConfigurations = (
				D0F46F2719099DB300A5EEDA /* Debug */,
				D0F46F2819099DB300A5EEDA /* Release */,
			);
			defaultConfigurationIsVisible = 0;
		};
/* End XCConfigurationList section */
	};
	rootObject = D0F46EE919099DB300A5EEDA /* Project object */;
}
